// !$*UTF8*$!
{
	archiveVersion = 1;
	classes = {
	};
	objectVersion = 56;
	objects = {

/* Begin PBXBuildFile section */
		872B0D702AFB790E0075B244 /* sysconf.cpp in Sources */ = {isa = PBXBuildFile; fileRef = 872B0D6E2AFB790E0075B244 /* sysconf.cpp */; };
		876F4FC42B05006B00331C46 /* log.c in Sources */ = {isa = PBXBuildFile; fileRef = 876F4FC32B05006B00331C46 /* log.c */; };
		876F4FC62B05023C00331C46 /* libimobiledevice-1.0.6.dylib in Frameworks */ = {isa = PBXBuildFile; fileRef = 876F4FC52B05023C00331C46 /* libimobiledevice-1.0.6.dylib */; };
		876F4FC72B05023C00331C46 /* libimobiledevice-1.0.6.dylib in Embed Libraries */ = {isa = PBXBuildFile; fileRef = 876F4FC52B05023C00331C46 /* libimobiledevice-1.0.6.dylib */; settings = {ATTRIBUTES = (CodeSignOnCopy, ); }; };
		876F4FCA2B05045B00331C46 /* preflight.cpp in Sources */ = {isa = PBXBuildFile; fileRef = 876F4FC82B05045B00331C46 /* preflight.cpp */; };
		87984BF42B060CD300CC6645 /* WIFIDeviceManager-mDNS.cpp in Sources */ = {isa = PBXBuildFile; fileRef = 87984BF22B060CD300CC6645 /* WIFIDeviceManager-mDNS.cpp */; };
		87984BF72B060CFD00CC6645 /* WIFIDevice.cpp in Sources */ = {isa = PBXBuildFile; fileRef = 87984BF52B060CFD00CC6645 /* WIFIDevice.cpp */; };
		87984BFA2B06509F00CC6645 /* WIFIDeviceManager-avahi.cpp in Sources */ = {isa = PBXBuildFile; fileRef = 87984BF82B06509F00CC6645 /* WIFIDeviceManager-avahi.cpp */; };
		87B0815B2A769CA100889BF1 /* TCP.cpp in Sources */ = {isa = PBXBuildFile; fileRef = 87B081592A769CA100889BF1 /* TCP.cpp */; };
		87E046262A699B8F00355F7B /* main.cpp in Sources */ = {isa = PBXBuildFile; fileRef = 87E046252A699B8F00355F7B /* main.cpp */; };
		87E0462F2A699C6100355F7B /* DeviceManager.cpp in Sources */ = {isa = PBXBuildFile; fileRef = 87E0462D2A699C6100355F7B /* DeviceManager.cpp */; };
		87E046322A699CDD00355F7B /* Muxer.cpp in Sources */ = {isa = PBXBuildFile; fileRef = 87E046302A699CDD00355F7B /* Muxer.cpp */; };
		87E046352A699D7200355F7B /* USBDeviceManager.cpp in Sources */ = {isa = PBXBuildFile; fileRef = 87E046332A699D7200355F7B /* USBDeviceManager.cpp */; };
		87E046382A699F1D00355F7B /* libgeneral.0.dylib in Frameworks */ = {isa = PBXBuildFile; fileRef = 87E046372A699F1D00355F7B /* libgeneral.0.dylib */; };
		87E046392A699F1D00355F7B /* libgeneral.0.dylib in Embed Libraries */ = {isa = PBXBuildFile; fileRef = 87E046372A699F1D00355F7B /* libgeneral.0.dylib */; settings = {ATTRIBUTES = (CodeSignOnCopy, ); }; };
		87E0463C2A699F2700355F7B /* libplist-2.0.4.dylib in Frameworks */ = {isa = PBXBuildFile; fileRef = 87E0463B2A699F2700355F7B /* libplist-2.0.4.dylib */; };
		87E0463D2A699F2700355F7B /* libplist-2.0.4.dylib in Embed Libraries */ = {isa = PBXBuildFile; fileRef = 87E0463B2A699F2700355F7B /* libplist-2.0.4.dylib */; settings = {ATTRIBUTES = (CodeSignOnCopy, ); }; };
		87E0463F2A69A0B700355F7B /* libusb-1.0.0.dylib in Frameworks */ = {isa = PBXBuildFile; fileRef = 87E0463E2A69A0B700355F7B /* libusb-1.0.0.dylib */; };
		87E046402A69A0B700355F7B /* libusb-1.0.0.dylib in Embed Libraries */ = {isa = PBXBuildFile; fileRef = 87E0463E2A69A0B700355F7B /* libusb-1.0.0.dylib */; settings = {ATTRIBUTES = (CodeSignOnCopy, ); }; };
		87E046452A69A9DB00355F7B /* Device.cpp in Sources */ = {isa = PBXBuildFile; fileRef = 87E046432A69A9DB00355F7B /* Device.cpp */; };
		87E046482A69A9E000355F7B /* USBDevice.cpp in Sources */ = {isa = PBXBuildFile; fileRef = 87E046462A69A9E000355F7B /* USBDevice.cpp */; };
		87E0464B2A69B23000355F7B /* MUXException.cpp in Sources */ = {isa = PBXBuildFile; fileRef = 87E046492A69B23000355F7B /* MUXException.cpp */; };
		87E0464E2A69D1DC00355F7B /* ClientManager.cpp in Sources */ = {isa = PBXBuildFile; fileRef = 87E0464C2A69D1DC00355F7B /* ClientManager.cpp */; };
		87E046512A69D3F100355F7B /* Client.cpp in Sources */ = {isa = PBXBuildFile; fileRef = 87E0464F2A69D3F100355F7B /* Client.cpp */; };
		87EED9062AACBADE00C0469F /* USBDevice_receiver.cpp in Sources */ = {isa = PBXBuildFile; fileRef = 87EED9042AACBADE00C0469F /* USBDevice_receiver.cpp */; };
/* End PBXBuildFile section */

/* Begin PBXCopyFilesBuildPhase section */
		87E046202A699B8F00355F7B /* CopyFiles */ = {
			isa = PBXCopyFilesBuildPhase;
			buildActionMask = 2147483647;
			dstPath = /usr/share/man/man1/;
			dstSubfolderSpec = 0;
			files = (
			);
			runOnlyForDeploymentPostprocessing = 1;
		};
		87E0463A2A699F1D00355F7B /* Embed Libraries */ = {
			isa = PBXCopyFilesBuildPhase;
			buildActionMask = 2147483647;
			dstPath = "";
			dstSubfolderSpec = 10;
			files = (
				87E046402A69A0B700355F7B /* libusb-1.0.0.dylib in Embed Libraries */,
				87E0463D2A699F2700355F7B /* libplist-2.0.4.dylib in Embed Libraries */,
				876F4FC72B05023C00331C46 /* libimobiledevice-1.0.6.dylib in Embed Libraries */,
				87E046392A699F1D00355F7B /* libgeneral.0.dylib in Embed Libraries */,
			);
			name = "Embed Libraries";
			runOnlyForDeploymentPostprocessing = 0;
		};
/* End PBXCopyFilesBuildPhase section */

/* Begin PBXFileReference section */
		872B0D6E2AFB790E0075B244 /* sysconf.cpp */ = {isa = PBXFileReference; lastKnownFileType = sourcecode.cpp.cpp; path = sysconf.cpp; sourceTree = "<group>"; };
		872B0D6F2AFB790E0075B244 /* sysconf.hpp */ = {isa = PBXFileReference; lastKnownFileType = sourcecode.cpp.h; path = sysconf.hpp; sourceTree = "<group>"; };
		876F4FC22B05006B00331C46 /* log.h */ = {isa = PBXFileReference; lastKnownFileType = sourcecode.c.h; path = log.h; sourceTree = "<group>"; };
		876F4FC32B05006B00331C46 /* log.c */ = {isa = PBXFileReference; lastKnownFileType = sourcecode.c.c; path = log.c; sourceTree = "<group>"; };
		876F4FC52B05023C00331C46 /* libimobiledevice-1.0.6.dylib */ = {isa = PBXFileReference; lastKnownFileType = "compiled.mach-o.dylib"; name = "libimobiledevice-1.0.6.dylib"; path = "../../../../usr/local/lib/libimobiledevice-1.0.6.dylib"; sourceTree = "<group>"; };
		876F4FC82B05045B00331C46 /* preflight.cpp */ = {isa = PBXFileReference; lastKnownFileType = sourcecode.cpp.cpp; path = preflight.cpp; sourceTree = "<group>"; };
		876F4FC92B05045B00331C46 /* preflight.hpp */ = {isa = PBXFileReference; lastKnownFileType = sourcecode.cpp.h; path = preflight.hpp; sourceTree = "<group>"; };
		87984BF22B060CD300CC6645 /* WIFIDeviceManager-mDNS.cpp */ = {isa = PBXFileReference; lastKnownFileType = sourcecode.cpp.cpp; path = "WIFIDeviceManager-mDNS.cpp"; sourceTree = "<group>"; };
		87984BF32B060CD300CC6645 /* WIFIDeviceManager-mDNS.hpp */ = {isa = PBXFileReference; lastKnownFileType = sourcecode.cpp.h; path = "WIFIDeviceManager-mDNS.hpp"; sourceTree = "<group>"; };
		87984BF52B060CFD00CC6645 /* WIFIDevice.cpp */ = {isa = PBXFileReference; lastKnownFileType = sourcecode.cpp.cpp; path = WIFIDevice.cpp; sourceTree = "<group>"; };
		87984BF62B060CFD00CC6645 /* WIFIDevice.hpp */ = {isa = PBXFileReference; lastKnownFileType = sourcecode.cpp.h; path = WIFIDevice.hpp; sourceTree = "<group>"; };
		87984BF82B06509F00CC6645 /* WIFIDeviceManager-avahi.cpp */ = {isa = PBXFileReference; lastKnownFileType = sourcecode.cpp.cpp; path = "WIFIDeviceManager-avahi.cpp"; sourceTree = "<group>"; };
		87984BF92B06509F00CC6645 /* WIFIDeviceManager-avahi.hpp */ = {isa = PBXFileReference; lastKnownFileType = sourcecode.cpp.h; path = "WIFIDeviceManager-avahi.hpp"; sourceTree = "<group>"; };
		87B081592A769CA100889BF1 /* TCP.cpp */ = {isa = PBXFileReference; lastKnownFileType = sourcecode.cpp.cpp; path = TCP.cpp; sourceTree = "<group>"; };
		87B0815A2A769CA100889BF1 /* TCP.hpp */ = {isa = PBXFileReference; lastKnownFileType = sourcecode.cpp.h; path = TCP.hpp; sourceTree = "<group>"; };
		87E046222A699B8F00355F7B /* usbmuxd2 */ = {isa = PBXFileReference; explicitFileType = "compiled.mach-o.executable"; includeInIndex = 0; path = usbmuxd2; sourceTree = BUILT_PRODUCTS_DIR; };
		87E046252A699B8F00355F7B /* main.cpp */ = {isa = PBXFileReference; lastKnownFileType = sourcecode.cpp.cpp; path = main.cpp; sourceTree = "<group>"; };
		87E0462D2A699C6100355F7B /* DeviceManager.cpp */ = {isa = PBXFileReference; lastKnownFileType = sourcecode.cpp.cpp; path = DeviceManager.cpp; sourceTree = "<group>"; };
		87E0462E2A699C6100355F7B /* DeviceManager.hpp */ = {isa = PBXFileReference; lastKnownFileType = sourcecode.cpp.h; path = DeviceManager.hpp; sourceTree = "<group>"; };
		87E046302A699CDD00355F7B /* Muxer.cpp */ = {isa = PBXFileReference; lastKnownFileType = sourcecode.cpp.cpp; path = Muxer.cpp; sourceTree = "<group>"; };
		87E046312A699CDD00355F7B /* Muxer.hpp */ = {isa = PBXFileReference; lastKnownFileType = sourcecode.cpp.h; path = Muxer.hpp; sourceTree = "<group>"; };
		87E046332A699D7200355F7B /* USBDeviceManager.cpp */ = {isa = PBXFileReference; lastKnownFileType = sourcecode.cpp.cpp; path = USBDeviceManager.cpp; sourceTree = "<group>"; };
		87E046342A699D7200355F7B /* USBDeviceManager.hpp */ = {isa = PBXFileReference; lastKnownFileType = sourcecode.cpp.h; path = USBDeviceManager.hpp; sourceTree = "<group>"; };
		87E046372A699F1D00355F7B /* libgeneral.0.dylib */ = {isa = PBXFileReference; lastKnownFileType = "compiled.mach-o.dylib"; name = libgeneral.0.dylib; path = ../../../../usr/local/lib/libgeneral.0.dylib; sourceTree = "<group>"; };
		87E0463B2A699F2700355F7B /* libplist-2.0.4.dylib */ = {isa = PBXFileReference; lastKnownFileType = "compiled.mach-o.dylib"; name = "libplist-2.0.4.dylib"; path = "../../../../usr/local/lib/libplist-2.0.4.dylib"; sourceTree = "<group>"; };
		87E0463E2A69A0B700355F7B /* libusb-1.0.0.dylib */ = {isa = PBXFileReference; lastKnownFileType = "compiled.mach-o.dylib"; name = "libusb-1.0.0.dylib"; path = "../../../../opt/homebrew/Cellar/libusb/1.0.26/lib/libusb-1.0.0.dylib"; sourceTree = "<group>"; };
		87E046432A69A9DB00355F7B /* Device.cpp */ = {isa = PBXFileReference; lastKnownFileType = sourcecode.cpp.cpp; path = Device.cpp; sourceTree = "<group>"; };
		87E046442A69A9DB00355F7B /* Device.hpp */ = {isa = PBXFileReference; lastKnownFileType = sourcecode.cpp.h; path = Device.hpp; sourceTree = "<group>"; };
		87E046462A69A9E000355F7B /* USBDevice.cpp */ = {isa = PBXFileReference; lastKnownFileType = sourcecode.cpp.cpp; path = USBDevice.cpp; sourceTree = "<group>"; };
		87E046472A69A9E000355F7B /* USBDevice.hpp */ = {isa = PBXFileReference; lastKnownFileType = sourcecode.cpp.h; path = USBDevice.hpp; sourceTree = "<group>"; };
		87E046492A69B23000355F7B /* MUXException.cpp */ = {isa = PBXFileReference; lastKnownFileType = sourcecode.cpp.cpp; path = MUXException.cpp; sourceTree = "<group>"; };
		87E0464A2A69B23000355F7B /* MUXException.hpp */ = {isa = PBXFileReference; lastKnownFileType = sourcecode.cpp.h; path = MUXException.hpp; sourceTree = "<group>"; };
		87E0464C2A69D1DC00355F7B /* ClientManager.cpp */ = {isa = PBXFileReference; lastKnownFileType = sourcecode.cpp.cpp; path = ClientManager.cpp; sourceTree = "<group>"; };
		87E0464D2A69D1DC00355F7B /* ClientManager.hpp */ = {isa = PBXFileReference; lastKnownFileType = sourcecode.cpp.h; path = ClientManager.hpp; sourceTree = "<group>"; };
		87E0464F2A69D3F100355F7B /* Client.cpp */ = {isa = PBXFileReference; lastKnownFileType = sourcecode.cpp.cpp; path = Client.cpp; sourceTree = "<group>"; };
		87E046502A69D3F100355F7B /* Client.hpp */ = {isa = PBXFileReference; lastKnownFileType = sourcecode.cpp.h; path = Client.hpp; sourceTree = "<group>"; };
		87E046522A69D42B00355F7B /* usbmuxd2-proto.h */ = {isa = PBXFileReference; lastKnownFileType = sourcecode.c.h; path = "usbmuxd2-proto.h"; sourceTree = "<group>"; };
		87EED9042AACBADE00C0469F /* USBDevice_receiver.cpp */ = {isa = PBXFileReference; lastKnownFileType = sourcecode.cpp.cpp; path = USBDevice_receiver.cpp; sourceTree = "<group>"; };
		87EED9052AACBADE00C0469F /* USBDevice_receiver.hpp */ = {isa = PBXFileReference; lastKnownFileType = sourcecode.cpp.h; path = USBDevice_receiver.hpp; sourceTree = "<group>"; };
/* End PBXFileReference section */

/* Begin PBXFrameworksBuildPhase section */
		87E0461F2A699B8F00355F7B /* Frameworks */ = {
			isa = PBXFrameworksBuildPhase;
			buildActionMask = 2147483647;
			files = (
				87E0463F2A69A0B700355F7B /* libusb-1.0.0.dylib in Frameworks */,
				87E0463C2A699F2700355F7B /* libplist-2.0.4.dylib in Frameworks */,
				876F4FC62B05023C00331C46 /* libimobiledevice-1.0.6.dylib in Frameworks */,
				87E046382A699F1D00355F7B /* libgeneral.0.dylib in Frameworks */,
			);
			runOnlyForDeploymentPostprocessing = 0;
		};
/* End PBXFrameworksBuildPhase section */

/* Begin PBXGroup section */
		872B0D6D2AFB78FA0075B244 /* sysconf */ = {
			isa = PBXGroup;
			children = (
				872B0D6F2AFB790E0075B244 /* sysconf.hpp */,
				872B0D6E2AFB790E0075B244 /* sysconf.cpp */,
				876F4FC92B05045B00331C46 /* preflight.hpp */,
				876F4FC82B05045B00331C46 /* preflight.cpp */,
			);
			path = sysconf;
			sourceTree = "<group>";
		};
		87E046192A699B8F00355F7B = {
			isa = PBXGroup;
			children = (
				87E046242A699B8F00355F7B /* usbmuxd2 */,
				87E046232A699B8F00355F7B /* Products */,
				87E046362A699F1D00355F7B /* Frameworks */,
			);
			sourceTree = "<group>";
		};
		87E046232A699B8F00355F7B /* Products */ = {
			isa = PBXGroup;
			children = (
				87E046222A699B8F00355F7B /* usbmuxd2 */,
			);
			name = Products;
			sourceTree = "<group>";
		};
		87E046242A699B8F00355F7B /* usbmuxd2 */ = {
			isa = PBXGroup;
			children = (
				87E046522A69D42B00355F7B /* usbmuxd2-proto.h */,
				87E0464A2A69B23000355F7B /* MUXException.hpp */,
				87E046492A69B23000355F7B /* MUXException.cpp */,
				876F4FC22B05006B00331C46 /* log.h */,
				876F4FC32B05006B00331C46 /* log.c */,
				87E046422A69A9C700355F7B /* Devices */,
				87E046412A69A9B500355F7B /* Manager */,
				872B0D6D2AFB78FA0075B244 /* sysconf */,
				87B0815A2A769CA100889BF1 /* TCP.hpp */,
				87B081592A769CA100889BF1 /* TCP.cpp */,
				87E046502A69D3F100355F7B /* Client.hpp */,
				87E0464F2A69D3F100355F7B /* Client.cpp */,
				87E046312A699CDD00355F7B /* Muxer.hpp */,
				87E046302A699CDD00355F7B /* Muxer.cpp */,
				87E046252A699B8F00355F7B /* main.cpp */,
			);
			path = usbmuxd2;
			sourceTree = "<group>";
		};
		87E046362A699F1D00355F7B /* Frameworks */ = {
			isa = PBXGroup;
			children = (
				876F4FC52B05023C00331C46 /* libimobiledevice-1.0.6.dylib */,
				87E0463E2A69A0B700355F7B /* libusb-1.0.0.dylib */,
				87E0463B2A699F2700355F7B /* libplist-2.0.4.dylib */,
				87E046372A699F1D00355F7B /* libgeneral.0.dylib */,
			);
			name = Frameworks;
			sourceTree = "<group>";
		};
		87E046412A69A9B500355F7B /* Manager */ = {
			isa = PBXGroup;
			children = (
				87E0462E2A699C6100355F7B /* DeviceManager.hpp */,
				87E0462D2A699C6100355F7B /* DeviceManager.cpp */,
				87E046342A699D7200355F7B /* USBDeviceManager.hpp */,
				87E046332A699D7200355F7B /* USBDeviceManager.cpp */,
				87984BF92B06509F00CC6645 /* WIFIDeviceManager-avahi.hpp */,
				87984BF82B06509F00CC6645 /* WIFIDeviceManager-avahi.cpp */,
				87984BF32B060CD300CC6645 /* WIFIDeviceManager-mDNS.hpp */,
				87984BF22B060CD300CC6645 /* WIFIDeviceManager-mDNS.cpp */,
				87E0464D2A69D1DC00355F7B /* ClientManager.hpp */,
				87E0464C2A69D1DC00355F7B /* ClientManager.cpp */,
			);
			path = Manager;
			sourceTree = "<group>";
		};
		87E046422A69A9C700355F7B /* Devices */ = {
			isa = PBXGroup;
			children = (
				87E046442A69A9DB00355F7B /* Device.hpp */,
				87E046432A69A9DB00355F7B /* Device.cpp */,
				87EED9052AACBADE00C0469F /* USBDevice_receiver.hpp */,
				87EED9042AACBADE00C0469F /* USBDevice_receiver.cpp */,
				87E046472A69A9E000355F7B /* USBDevice.hpp */,
				87E046462A69A9E000355F7B /* USBDevice.cpp */,
				87984BF62B060CFD00CC6645 /* WIFIDevice.hpp */,
				87984BF52B060CFD00CC6645 /* WIFIDevice.cpp */,
			);
			path = Devices;
			sourceTree = "<group>";
		};
/* End PBXGroup section */

/* Begin PBXNativeTarget section */
		87E046212A699B8F00355F7B /* usbmuxd2 */ = {
			isa = PBXNativeTarget;
			buildConfigurationList = 87E046292A699B8F00355F7B /* Build configuration list for PBXNativeTarget "usbmuxd2" */;
			buildPhases = (
				87E0461E2A699B8F00355F7B /* Sources */,
				87E0461F2A699B8F00355F7B /* Frameworks */,
				87E046202A699B8F00355F7B /* CopyFiles */,
				87E0463A2A699F1D00355F7B /* Embed Libraries */,
			);
			buildRules = (
			);
			dependencies = (
			);
			name = usbmuxd2;
			productName = usbmuxd2;
			productReference = 87E046222A699B8F00355F7B /* usbmuxd2 */;
			productType = "com.apple.product-type.tool";
		};
/* End PBXNativeTarget section */

/* Begin PBXProject section */
		87E0461A2A699B8F00355F7B /* Project object */ = {
			isa = PBXProject;
			attributes = {
				BuildIndependentTargetsInParallel = 1;
				LastUpgradeCheck = 1430;
				TargetAttributes = {
					87E046212A699B8F00355F7B = {
						CreatedOnToolsVersion = 14.3.1;
					};
				};
			};
			buildConfigurationList = 87E0461D2A699B8F00355F7B /* Build configuration list for PBXProject "usbmuxd2" */;
			compatibilityVersion = "Xcode 14.0";
			developmentRegion = en;
			hasScannedForEncodings = 0;
			knownRegions = (
				en,
				Base,
			);
			mainGroup = 87E046192A699B8F00355F7B;
			productRefGroup = 87E046232A699B8F00355F7B /* Products */;
			projectDirPath = "";
			projectRoot = "";
			targets = (
				87E046212A699B8F00355F7B /* usbmuxd2 */,
			);
		};
/* End PBXProject section */

/* Begin PBXSourcesBuildPhase section */
		87E0461E2A699B8F00355F7B /* Sources */ = {
			isa = PBXSourcesBuildPhase;
			buildActionMask = 2147483647;
			files = (
				87EED9062AACBADE00C0469F /* USBDevice_receiver.cpp in Sources */,
				872B0D702AFB790E0075B244 /* sysconf.cpp in Sources */,
				87E046482A69A9E000355F7B /* USBDevice.cpp in Sources */,
				87E046322A699CDD00355F7B /* Muxer.cpp in Sources */,
				87984BF42B060CD300CC6645 /* WIFIDeviceManager-mDNS.cpp in Sources */,
				876F4FC42B05006B00331C46 /* log.c in Sources */,
				87E046452A69A9DB00355F7B /* Device.cpp in Sources */,
				87E046262A699B8F00355F7B /* main.cpp in Sources */,
				87E0464E2A69D1DC00355F7B /* ClientManager.cpp in Sources */,
				87B0815B2A769CA100889BF1 /* TCP.cpp in Sources */,
				87984BFA2B06509F00CC6645 /* WIFIDeviceManager-avahi.cpp in Sources */,
				87E046352A699D7200355F7B /* USBDeviceManager.cpp in Sources */,
				87E0464B2A69B23000355F7B /* MUXException.cpp in Sources */,
				876F4FCA2B05045B00331C46 /* preflight.cpp in Sources */,
				87E0462F2A699C6100355F7B /* DeviceManager.cpp in Sources */,
				87984BF72B060CFD00CC6645 /* WIFIDevice.cpp in Sources */,
				87E046512A69D3F100355F7B /* Client.cpp in Sources */,
			);
			runOnlyForDeploymentPostprocessing = 0;
		};
/* End PBXSourcesBuildPhase section */

/* Begin XCBuildConfiguration section */
		87E046272A699B8F00355F7B /* Debug */ = {
			isa = XCBuildConfiguration;
			buildSettings = {
				ALWAYS_SEARCH_USER_PATHS = NO;
				CLANG_ANALYZER_NONNULL = YES;
				CLANG_ANALYZER_NUMBER_OBJECT_CONVERSION = YES_AGGRESSIVE;
				CLANG_CXX_LANGUAGE_STANDARD = "gnu++20";
				CLANG_ENABLE_MODULES = YES;
				CLANG_ENABLE_OBJC_ARC = YES;
				CLANG_ENABLE_OBJC_WEAK = YES;
				CLANG_WARN_BLOCK_CAPTURE_AUTORELEASING = YES;
				CLANG_WARN_BOOL_CONVERSION = YES;
				CLANG_WARN_COMMA = YES;
				CLANG_WARN_CONSTANT_CONVERSION = YES;
				CLANG_WARN_DEPRECATED_OBJC_IMPLEMENTATIONS = YES;
				CLANG_WARN_DIRECT_OBJC_ISA_USAGE = YES_ERROR;
				CLANG_WARN_DOCUMENTATION_COMMENTS = YES;
				CLANG_WARN_EMPTY_BODY = YES;
				CLANG_WARN_ENUM_CONVERSION = YES;
				CLANG_WARN_INFINITE_RECURSION = YES;
				CLANG_WARN_INT_CONVERSION = YES;
				CLANG_WARN_NON_LITERAL_NULL_CONVERSION = YES;
				CLANG_WARN_OBJC_IMPLICIT_RETAIN_SELF = YES;
				CLANG_WARN_OBJC_LITERAL_CONVERSION = YES;
				CLANG_WARN_OBJC_ROOT_CLASS = YES_ERROR;
				CLANG_WARN_QUOTED_INCLUDE_IN_FRAMEWORK_HEADER = YES;
				CLANG_WARN_RANGE_LOOP_ANALYSIS = YES;
				CLANG_WARN_STRICT_PROTOTYPES = YES;
				CLANG_WARN_SUSPICIOUS_MOVE = YES;
				CLANG_WARN_UNGUARDED_AVAILABILITY = YES_AGGRESSIVE;
				CLANG_WARN_UNREACHABLE_CODE = YES;
				CLANG_WARN__DUPLICATE_METHOD_MATCH = YES;
				COPY_PHASE_STRIP = NO;
				DEBUG_INFORMATION_FORMAT = dwarf;
				ENABLE_STRICT_OBJC_MSGSEND = YES;
				ENABLE_TESTABILITY = YES;
				GCC_C_LANGUAGE_STANDARD = gnu11;
				GCC_DYNAMIC_NO_PIC = NO;
				GCC_NO_COMMON_BLOCKS = YES;
				GCC_OPTIMIZATION_LEVEL = 0;
				GCC_PREPROCESSOR_DEFINITIONS = (
					"DEBUG=1",
					"$(inherited)",
				);
				GCC_WARN_64_TO_32_BIT_CONVERSION = YES;
				GCC_WARN_ABOUT_RETURN_TYPE = YES_ERROR;
				GCC_WARN_UNDECLARED_SELECTOR = YES;
				GCC_WARN_UNINITIALIZED_AUTOS = YES_AGGRESSIVE;
				GCC_WARN_UNUSED_FUNCTION = YES;
				GCC_WARN_UNUSED_VARIABLE = YES;
				MACOSX_DEPLOYMENT_TARGET = 13.3;
				MTL_ENABLE_DEBUG_INFO = INCLUDE_SOURCE;
				MTL_FAST_MATH = YES;
				ONLY_ACTIVE_ARCH = YES;
				SDKROOT = macosx;
			};
			name = Debug;
		};
		87E046282A699B8F00355F7B /* Release */ = {
			isa = XCBuildConfiguration;
			buildSettings = {
				ALWAYS_SEARCH_USER_PATHS = NO;
				CLANG_ANALYZER_NONNULL = YES;
				CLANG_ANALYZER_NUMBER_OBJECT_CONVERSION = YES_AGGRESSIVE;
				CLANG_CXX_LANGUAGE_STANDARD = "gnu++20";
				CLANG_ENABLE_MODULES = YES;
				CLANG_ENABLE_OBJC_ARC = YES;
				CLANG_ENABLE_OBJC_WEAK = YES;
				CLANG_WARN_BLOCK_CAPTURE_AUTORELEASING = YES;
				CLANG_WARN_BOOL_CONVERSION = YES;
				CLANG_WARN_COMMA = YES;
				CLANG_WARN_CONSTANT_CONVERSION = YES;
				CLANG_WARN_DEPRECATED_OBJC_IMPLEMENTATIONS = YES;
				CLANG_WARN_DIRECT_OBJC_ISA_USAGE = YES_ERROR;
				CLANG_WARN_DOCUMENTATION_COMMENTS = YES;
				CLANG_WARN_EMPTY_BODY = YES;
				CLANG_WARN_ENUM_CONVERSION = YES;
				CLANG_WARN_INFINITE_RECURSION = YES;
				CLANG_WARN_INT_CONVERSION = YES;
				CLANG_WARN_NON_LITERAL_NULL_CONVERSION = YES;
				CLANG_WARN_OBJC_IMPLICIT_RETAIN_SELF = YES;
				CLANG_WARN_OBJC_LITERAL_CONVERSION = YES;
				CLANG_WARN_OBJC_ROOT_CLASS = YES_ERROR;
				CLANG_WARN_QUOTED_INCLUDE_IN_FRAMEWORK_HEADER = YES;
				CLANG_WARN_RANGE_LOOP_ANALYSIS = YES;
				CLANG_WARN_STRICT_PROTOTYPES = YES;
				CLANG_WARN_SUSPICIOUS_MOVE = YES;
				CLANG_WARN_UNGUARDED_AVAILABILITY = YES_AGGRESSIVE;
				CLANG_WARN_UNREACHABLE_CODE = YES;
				CLANG_WARN__DUPLICATE_METHOD_MATCH = YES;
				COPY_PHASE_STRIP = NO;
				DEBUG_INFORMATION_FORMAT = "dwarf-with-dsym";
				ENABLE_NS_ASSERTIONS = NO;
				ENABLE_STRICT_OBJC_MSGSEND = YES;
				GCC_C_LANGUAGE_STANDARD = gnu11;
				GCC_NO_COMMON_BLOCKS = YES;
				GCC_WARN_64_TO_32_BIT_CONVERSION = YES;
				GCC_WARN_ABOUT_RETURN_TYPE = YES_ERROR;
				GCC_WARN_UNDECLARED_SELECTOR = YES;
				GCC_WARN_UNINITIALIZED_AUTOS = YES_AGGRESSIVE;
				GCC_WARN_UNUSED_FUNCTION = YES;
				GCC_WARN_UNUSED_VARIABLE = YES;
				MACOSX_DEPLOYMENT_TARGET = 13.3;
				MTL_ENABLE_DEBUG_INFO = NO;
				MTL_FAST_MATH = YES;
				SDKROOT = macosx;
			};
			name = Release;
		};
		87E0462A2A699B8F00355F7B /* Debug */ = {
			isa = XCBuildConfiguration;
			buildSettings = {
				CODE_SIGN_STYLE = Automatic;
				GCC_PREPROCESSOR_DEFINITIONS = (
					"DEBUG=1",
					"$(inherited)",
					XCODE,
					HAVE_LIBIMOBILEDEVICE,
					"CUSTOM_LOGGING=\"\\\"log.h\\\"\"",
					HAVE_WIFI_MDNS,
					HAVE_STRUCT_SOCKADDR_SIN__LEN,
				);
				HEADER_SEARCH_PATHS = (
					/usr/local/include,
					"/opt/homebrew/Cellar/libusb/1.0.26/include/libusb-1.0",
				);
				LIBRARY_SEARCH_PATHS = (
					/usr/local/lib,
					/opt/homebrew/Cellar/libusb/1.0.26/lib,
				);
				PRODUCT_NAME = "$(TARGET_NAME)";
			};
			name = Debug;
		};
		87E0462B2A699B8F00355F7B /* Release */ = {
			isa = XCBuildConfiguration;
			buildSettings = {
				CODE_SIGN_STYLE = Automatic;
				HEADER_SEARCH_PATHS = (
					/usr/local/include,
					"/opt/homebrew/Cellar/libusb/1.0.26/include/libusb-1.0",
				);
				LIBRARY_SEARCH_PATHS = (
					/usr/local/lib,
					/opt/homebrew/Cellar/libusb/1.0.26/lib,
				);
				PRODUCT_NAME = "$(TARGET_NAME)";
			};
			name = Release;
		};
/* End XCBuildConfiguration section */

/* Begin XCConfigurationList section */
		87E0461D2A699B8F00355F7B /* Build configuration list for PBXProject "usbmuxd2" */ = {
			isa = XCConfigurationList;
			buildConfigurations = (
				87E046272A699B8F00355F7B /* Debug */,
				87E046282A699B8F00355F7B /* Release */,
			);
			defaultConfigurationIsVisible = 0;
			defaultConfigurationName = Release;
		};
		87E046292A699B8F00355F7B /* Build configuration list for PBXNativeTarget "usbmuxd2" */ = {
			isa = XCConfigurationList;
			buildConfigurations = (
				87E0462A2A699B8F00355F7B /* Debug */,
				87E0462B2A699B8F00355F7B /* Release */,
			);
			defaultConfigurationIsVisible = 0;
			defaultConfigurationName = Release;
		};
/* End XCConfigurationList section */
	};
	rootObject = 87E0461A2A699B8F00355F7B /* Project object */;
}
